// !$*UTF8*$!
{
	archiveVersion = 1;
	classes = {
	};
	objectVersion = 55;
	objects = {

/* Begin PBXBuildFile section */
		132E4189279A6BF100F396A4 /* Flip.swift in Sources */ = {isa = PBXBuildFile; fileRef = 132E4188279A6BF100F396A4 /* Flip.swift */; };
		133EF49B2798260900110E2E /* DistortInOut.swift in Sources */ = {isa = PBXBuildFile; fileRef = 133EF49A2798260800110E2E /* DistortInOut.swift */; };
		134D50D127998EE8004F640B /* Burst.swift in Sources */ = {isa = PBXBuildFile; fileRef = 134D50D027998EE8004F640B /* Burst.swift */; };
		134D50D327999374004F640B /* FadeInOut.swift in Sources */ = {isa = PBXBuildFile; fileRef = 134D50D227999374004F640B /* FadeInOut.swift */; };
		134D50D527999623004F640B /* ReadMe.md in Resources */ = {isa = PBXBuildFile; fileRef = 134D50D427999623004F640B /* ReadMe.md */; };
		134D50D82799989A004F640B /* BounceImage.gif in Resources */ = {isa = PBXBuildFile; fileRef = 134D50D72799989A004F640B /* BounceImage.gif */; };
		134D50DA27999CC2004F640B /* FadeInOut.gif in Resources */ = {isa = PBXBuildFile; fileRef = 134D50D927999CC2004F640B /* FadeInOut.gif */; };
		135EF9AD279BF84C0034E6B0 /* BlinkingWithBlur.gif in Resources */ = {isa = PBXBuildFile; fileRef = 135EF9AC279BF84C0034E6B0 /* BlinkingWithBlur.gif */; };
		135EF9AF279BFCC80034E6B0 /* DropShadow.swift in Sources */ = {isa = PBXBuildFile; fileRef = 135EF9AE279BFCC80034E6B0 /* DropShadow.swift */; };
		135EF9B1279C03180034E6B0 /* DropShadow.gif in Resources */ = {isa = PBXBuildFile; fileRef = 135EF9B0279C03180034E6B0 /* DropShadow.gif */; };
		1366568F27709A7300A635FB /* SwiftUITextAnimationApp.swift in Sources */ = {isa = PBXBuildFile; fileRef = 1366568E27709A7300A635FB /* SwiftUITextAnimationApp.swift */; };
		1366569127709A7300A635FB /* ContentView.swift in Sources */ = {isa = PBXBuildFile; fileRef = 1366569027709A7300A635FB /* ContentView.swift */; };
		1366569327709A7500A635FB /* Assets.xcassets in Resources */ = {isa = PBXBuildFile; fileRef = 1366569227709A7500A635FB /* Assets.xcassets */; };
		1366569627709A7500A635FB /* Preview Assets.xcassets in Resources */ = {isa = PBXBuildFile; fileRef = 1366569527709A7500A635FB /* Preview Assets.xcassets */; };
		1366569D2770AFB400A635FB /* TrimTest.swift in Sources */ = {isa = PBXBuildFile; fileRef = 1366569C2770AFB400A635FB /* TrimTest.swift */; };
		1366569F2770B29400A635FB /* WithAnimationTest.swift in Sources */ = {isa = PBXBuildFile; fileRef = 1366569E2770B29400A635FB /* WithAnimationTest.swift */; };
		137BBF73279BE13900F78FFE /* Block.gif in Resources */ = {isa = PBXBuildFile; fileRef = 137BBF72279BE13900F78FFE /* Block.gif */; };
		137BBF75279BE7F300F78FFE /* BlinkingWithBlur.swift in Sources */ = {isa = PBXBuildFile; fileRef = 137BBF74279BE7F300F78FFE /* BlinkingWithBlur.swift */; };
		13D90DD027997C5A0080CA48 /* Bounce.swift in Sources */ = {isa = PBXBuildFile; fileRef = 13D90DCF27997C5A0080CA48 /* Bounce.swift */; };
		13EC64AE27721698001EA237 /* Character.swift in Sources */ = {isa = PBXBuildFile; fileRef = 13EC64AD27721698001EA237 /* Character.swift */; };
		13FE91B32798328B00356549 /* Block.swift in Sources */ = {isa = PBXBuildFile; fileRef = 13FE91B22798328B00356549 /* Block.swift */; };
		13FF81A4279ADD8200218D9B /* Blur.swift in Sources */ = {isa = PBXBuildFile; fileRef = 13FF81A3279ADD8200218D9B /* Blur.swift */; };
		13FF81AA279AE43900218D9B /* BlurPreview.gif in Resources */ = {isa = PBXBuildFile; fileRef = 13FF81A9279AE43900218D9B /* BlurPreview.gif */; };
/* End PBXBuildFile section */

/* Begin PBXFileReference section */
		132E4188279A6BF100F396A4 /* Flip.swift */ = {isa = PBXFileReference; lastKnownFileType = sourcecode.swift; path = Flip.swift; sourceTree = "<group>"; };
		133EF49A2798260800110E2E /* DistortInOut.swift */ = {isa = PBXFileReference; lastKnownFileType = sourcecode.swift; path = DistortInOut.swift; sourceTree = "<group>"; };
		134D50D027998EE8004F640B /* Burst.swift */ = {isa = PBXFileReference; lastKnownFileType = sourcecode.swift; path = Burst.swift; sourceTree = "<group>"; };
		134D50D227999374004F640B /* FadeInOut.swift */ = {isa = PBXFileReference; lastKnownFileType = sourcecode.swift; path = FadeInOut.swift; sourceTree = "<group>"; };
		134D50D427999623004F640B /* ReadMe.md */ = {isa = PBXFileReference; lastKnownFileType = net.daringfireball.markdown; path = ReadMe.md; sourceTree = "<group>"; };
		134D50D72799989A004F640B /* BounceImage.gif */ = {isa = PBXFileReference; lastKnownFileType = image.gif; path = BounceImage.gif; sourceTree = "<group>"; };
		134D50D927999CC2004F640B /* FadeInOut.gif */ = {isa = PBXFileReference; lastKnownFileType = image.gif; path = FadeInOut.gif; sourceTree = "<group>"; };
		135EF9AC279BF84C0034E6B0 /* BlinkingWithBlur.gif */ = {isa = PBXFileReference; lastKnownFileType = image.gif; path = BlinkingWithBlur.gif; sourceTree = "<group>"; };
		135EF9AE279BFCC80034E6B0 /* DropShadow.swift */ = {isa = PBXFileReference; lastKnownFileType = sourcecode.swift; path = DropShadow.swift; sourceTree = "<group>"; };
		135EF9B0279C03180034E6B0 /* DropShadow.gif */ = {isa = PBXFileReference; lastKnownFileType = image.gif; path = DropShadow.gif; sourceTree = "<group>"; };
		1366568B27709A7300A635FB /* SwiftUITextAnimation.app */ = {isa = PBXFileReference; explicitFileType = wrapper.application; includeInIndex = 0; path = SwiftUITextAnimation.app; sourceTree = BUILT_PRODUCTS_DIR; };
		1366568E27709A7300A635FB /* SwiftUITextAnimationApp.swift */ = {isa = PBXFileReference; lastKnownFileType = sourcecode.swift; path = SwiftUITextAnimationApp.swift; sourceTree = "<group>"; };
		1366569027709A7300A635FB /* ContentView.swift */ = {isa = PBXFileReference; lastKnownFileType = sourcecode.swift; path = ContentView.swift; sourceTree = "<group>"; };
		1366569227709A7500A635FB /* Assets.xcassets */ = {isa = PBXFileReference; lastKnownFileType = folder.assetcatalog; path = Assets.xcassets; sourceTree = "<group>"; };
		1366569527709A7500A635FB /* Preview Assets.xcassets */ = {isa = PBXFileReference; lastKnownFileType = folder.assetcatalog; path = "Preview Assets.xcassets"; sourceTree = "<group>"; };
		1366569C2770AFB400A635FB /* TrimTest.swift */ = {isa = PBXFileReference; lastKnownFileType = sourcecode.swift; path = TrimTest.swift; sourceTree = "<group>"; };
		1366569E2770B29400A635FB /* WithAnimationTest.swift */ = {isa = PBXFileReference; lastKnownFileType = sourcecode.swift; path = WithAnimationTest.swift; sourceTree = "<group>"; };
		137BBF72279BE13900F78FFE /* Block.gif */ = {isa = PBXFileReference; lastKnownFileType = image.gif; path = Block.gif; sourceTree = "<group>"; };
		137BBF74279BE7F300F78FFE /* BlinkingWithBlur.swift */ = {isa = PBXFileReference; lastKnownFileType = sourcecode.swift; path = BlinkingWithBlur.swift; sourceTree = "<group>"; };
		13D90DCF27997C5A0080CA48 /* Bounce.swift */ = {isa = PBXFileReference; lastKnownFileType = sourcecode.swift; path = Bounce.swift; sourceTree = "<group>"; };
		13EC64AD27721698001EA237 /* Character.swift */ = {isa = PBXFileReference; lastKnownFileType = sourcecode.swift; path = Character.swift; sourceTree = "<group>"; };
		13FE91B22798328B00356549 /* Block.swift */ = {isa = PBXFileReference; lastKnownFileType = sourcecode.swift; path = Block.swift; sourceTree = "<group>"; };
		13FF81A3279ADD8200218D9B /* Blur.swift */ = {isa = PBXFileReference; lastKnownFileType = sourcecode.swift; path = Blur.swift; sourceTree = "<group>"; };
		13FF81A9279AE43900218D9B /* BlurPreview.gif */ = {isa = PBXFileReference; lastKnownFileType = image.gif; path = BlurPreview.gif; sourceTree = "<group>"; };
/* End PBXFileReference section */

/* Begin PBXFrameworksBuildPhase section */
		1366568827709A7300A635FB /* Frameworks */ = {
			isa = PBXFrameworksBuildPhase;
			buildActionMask = 2147483647;
			files = (
			);
			runOnlyForDeploymentPostprocessing = 0;
		};
/* End PBXFrameworksBuildPhase section */

/* Begin PBXGroup section */
		134D50D627999884004F640B /* image */ = {
			isa = PBXGroup;
			children = (
				135EF9AC279BF84C0034E6B0 /* BlinkingWithBlur.gif */,
				137BBF72279BE13900F78FFE /* Block.gif */,
				134D50D72799989A004F640B /* BounceImage.gif */,
				13FF81A9279AE43900218D9B /* BlurPreview.gif */,
				135EF9B0279C03180034E6B0 /* DropShadow.gif */,
				134D50D927999CC2004F640B /* FadeInOut.gif */,
			);
			path = image;
			sourceTree = "<group>";
		};
		1366568227709A7300A635FB = {
			isa = PBXGroup;
			children = (
				134D50D427999623004F640B /* ReadMe.md */,
				134D50D627999884004F640B /* image */,
				1366568D27709A7300A635FB /* SwiftUITextAnimation */,
				1366568C27709A7300A635FB /* Products */,
			);
			sourceTree = "<group>";
		};
		1366568C27709A7300A635FB /* Products */ = {
			isa = PBXGroup;
			children = (
				1366568B27709A7300A635FB /* SwiftUITextAnimation.app */,
			);
			name = Products;
			sourceTree = "<group>";
		};
		1366568D27709A7300A635FB /* SwiftUITextAnimation */ = {
			isa = PBXGroup;
			children = (
				1366568E27709A7300A635FB /* SwiftUITextAnimationApp.swift */,
				1366569027709A7300A635FB /* ContentView.swift */,
				1366569E2770B29400A635FB /* WithAnimationTest.swift */,
				13EC64AD27721698001EA237 /* Character.swift */,
				133EF49A2798260800110E2E /* DistortInOut.swift */,
				13FE91B22798328B00356549 /* Block.swift */,
				13D90DCF27997C5A0080CA48 /* Bounce.swift */,
				134D50D027998EE8004F640B /* Burst.swift */,
				134D50D227999374004F640B /* FadeInOut.swift */,
				132E4188279A6BF100F396A4 /* Flip.swift */,
				13FF81A3279ADD8200218D9B /* Blur.swift */,
				135EF9AE279BFCC80034E6B0 /* DropShadow.swift */,
				137BBF74279BE7F300F78FFE /* BlinkingWithBlur.swift */,
				1366569227709A7500A635FB /* Assets.xcassets */,
				13FF81AB279AE4DC00218D9B /* Backup */,
				1366569427709A7500A635FB /* Preview Content */,
			);
			path = SwiftUITextAnimation;
			sourceTree = "<group>";
		};
		1366569427709A7500A635FB /* Preview Content */ = {
			isa = PBXGroup;
			children = (
				1366569527709A7500A635FB /* Preview Assets.xcassets */,
			);
			path = "Preview Content";
			sourceTree = "<group>";
		};
		13FF81AB279AE4DC00218D9B /* Backup */ = {
			isa = PBXGroup;
			children = (
				1366569C2770AFB400A635FB /* TrimTest.swift */,
			);
			path = Backup;
			sourceTree = "<group>";
		};
/* End PBXGroup section */

/* Begin PBXNativeTarget section */
		1366568A27709A7300A635FB /* SwiftUITextAnimation */ = {
			isa = PBXNativeTarget;
			buildConfigurationList = 1366569927709A7500A635FB /* Build configuration list for PBXNativeTarget "SwiftUITextAnimation" */;
			buildPhases = (
				1366568727709A7300A635FB /* Sources */,
				1366568827709A7300A635FB /* Frameworks */,
				1366568927709A7300A635FB /* Resources */,
			);
			buildRules = (
			);
			dependencies = (
			);
			name = SwiftUITextAnimation;
			productName = WaveAnimation;
			productReference = 1366568B27709A7300A635FB /* SwiftUITextAnimation.app */;
			productType = "com.apple.product-type.application";
		};
/* End PBXNativeTarget section */

/* Begin PBXProject section */
		1366568327709A7300A635FB /* Project object */ = {
			isa = PBXProject;
			attributes = {
				BuildIndependentTargetsInParallel = 1;
				LastSwiftUpdateCheck = 1310;
				LastUpgradeCheck = 1310;
				TargetAttributes = {
					1366568A27709A7300A635FB = {
						CreatedOnToolsVersion = 13.1;
					};
				};
			};
			buildConfigurationList = 1366568627709A7300A635FB /* Build configuration list for PBXProject "SwiftUITextAnimation" */;
			compatibilityVersion = "Xcode 13.0";
			developmentRegion = en;
			hasScannedForEncodings = 0;
			knownRegions = (
				en,
				Base,
			);
			mainGroup = 1366568227709A7300A635FB;
			productRefGroup = 1366568C27709A7300A635FB /* Products */;
			projectDirPath = "";
			projectRoot = "";
			targets = (
				1366568A27709A7300A635FB /* SwiftUITextAnimation */,
			);
		};
/* End PBXProject section */

/* Begin PBXResourcesBuildPhase section */
		1366568927709A7300A635FB /* Resources */ = {
			isa = PBXResourcesBuildPhase;
			buildActionMask = 2147483647;
			files = (
				134D50DA27999CC2004F640B /* FadeInOut.gif in Resources */,
				135EF9B1279C03180034E6B0 /* DropShadow.gif in Resources */,
				1366569627709A7500A635FB /* Preview Assets.xcassets in Resources */,
				1366569327709A7500A635FB /* Assets.xcassets in Resources */,
				134D50D82799989A004F640B /* BounceImage.gif in Resources */,
				134D50D527999623004F640B /* ReadMe.md in Resources */,
				13FF81AA279AE43900218D9B /* BlurPreview.gif in Resources */,
				135EF9AD279BF84C0034E6B0 /* BlinkingWithBlur.gif in Resources */,
				137BBF73279BE13900F78FFE /* Block.gif in Resources */,
			);
			runOnlyForDeploymentPostprocessing = 0;
		};
/* End PBXResourcesBuildPhase section */

/* Begin PBXSourcesBuildPhase section */
		1366568727709A7300A635FB /* Sources */ = {
			isa = PBXSourcesBuildPhase;
			buildActionMask = 2147483647;
			files = (
				133EF49B2798260900110E2E /* DistortInOut.swift in Sources */,
				13FE91B32798328B00356549 /* Block.swift in Sources */,
				1366569127709A7300A635FB /* ContentView.swift in Sources */,
				132E4189279A6BF100F396A4 /* Flip.swift in Sources */,
				134D50D327999374004F640B /* FadeInOut.swift in Sources */,
				13D90DD027997C5A0080CA48 /* Bounce.swift in Sources */,
				13FF81A4279ADD8200218D9B /* Blur.swift in Sources */,
				1366568F27709A7300A635FB /* SwiftUITextAnimationApp.swift in Sources */,
				135EF9AF279BFCC80034E6B0 /* DropShadow.swift in Sources */,
				13EC64AE27721698001EA237 /* Character.swift in Sources */,
				1366569F2770B29400A635FB /* WithAnimationTest.swift in Sources */,
				134D50D127998EE8004F640B /* Burst.swift in Sources */,
				1366569D2770AFB400A635FB /* TrimTest.swift in Sources */,
				137BBF75279BE7F300F78FFE /* BlinkingWithBlur.swift in Sources */,
			);
			runOnlyForDeploymentPostprocessing = 0;
		};
/* End PBXSourcesBuildPhase section */

/* Begin XCBuildConfiguration section */
		1366569727709A7500A635FB /* Debug */ = {
			isa = XCBuildConfiguration;
			buildSettings = {
				ALWAYS_SEARCH_USER_PATHS = NO;
				CLANG_ANALYZER_NONNULL = YES;
				CLANG_ANALYZER_NUMBER_OBJECT_CONVERSION = YES_AGGRESSIVE;
				CLANG_CXX_LANGUAGE_STANDARD = "gnu++17";
				CLANG_CXX_LIBRARY = "libc++";
				CLANG_ENABLE_MODULES = YES;
				CLANG_ENABLE_OBJC_ARC = YES;
				CLANG_ENABLE_OBJC_WEAK = YES;
				CLANG_WARN_BLOCK_CAPTURE_AUTORELEASING = YES;
				CLANG_WARN_BOOL_CONVERSION = YES;
				CLANG_WARN_COMMA = YES;
				CLANG_WARN_CONSTANT_CONVERSION = YES;
				CLANG_WARN_DEPRECATED_OBJC_IMPLEMENTATIONS = YES;
				CLANG_WARN_DIRECT_OBJC_ISA_USAGE = YES_ERROR;
				CLANG_WARN_DOCUMENTATION_COMMENTS = YES;
				CLANG_WARN_EMPTY_BODY = YES;
				CLANG_WARN_ENUM_CONVERSION = YES;
				CLANG_WARN_INFINITE_RECURSION = YES;
				CLANG_WARN_INT_CONVERSION = YES;
				CLANG_WARN_NON_LITERAL_NULL_CONVERSION = YES;
				CLANG_WARN_OBJC_IMPLICIT_RETAIN_SELF = YES;
				CLANG_WARN_OBJC_LITERAL_CONVERSION = YES;
				CLANG_WARN_OBJC_ROOT_CLASS = YES_ERROR;
				CLANG_WARN_QUOTED_INCLUDE_IN_FRAMEWORK_HEADER = YES;
				CLANG_WARN_RANGE_LOOP_ANALYSIS = YES;
				CLANG_WARN_STRICT_PROTOTYPES = YES;
				CLANG_WARN_SUSPICIOUS_MOVE = YES;
				CLANG_WARN_UNGUARDED_AVAILABILITY = YES_AGGRESSIVE;
				CLANG_WARN_UNREACHABLE_CODE = YES;
				CLANG_WARN__DUPLICATE_METHOD_MATCH = YES;
				COPY_PHASE_STRIP = NO;
				DEBUG_INFORMATION_FORMAT = dwarf;
				ENABLE_STRICT_OBJC_MSGSEND = YES;
				ENABLE_TESTABILITY = YES;
				GCC_C_LANGUAGE_STANDARD = gnu11;
				GCC_DYNAMIC_NO_PIC = NO;
				GCC_NO_COMMON_BLOCKS = YES;
				GCC_OPTIMIZATION_LEVEL = 0;
				GCC_PREPROCESSOR_DEFINITIONS = (
					"DEBUG=1",
					"$(inherited)",
				);
				GCC_WARN_64_TO_32_BIT_CONVERSION = YES;
				GCC_WARN_ABOUT_RETURN_TYPE = YES_ERROR;
				GCC_WARN_UNDECLARED_SELECTOR = YES;
				GCC_WARN_UNINITIALIZED_AUTOS = YES_AGGRESSIVE;
				GCC_WARN_UNUSED_FUNCTION = YES;
				GCC_WARN_UNUSED_VARIABLE = YES;
				IPHONEOS_DEPLOYMENT_TARGET = 15.0;
				MTL_ENABLE_DEBUG_INFO = INCLUDE_SOURCE;
				MTL_FAST_MATH = YES;
				ONLY_ACTIVE_ARCH = YES;
				SDKROOT = iphoneos;
				SWIFT_ACTIVE_COMPILATION_CONDITIONS = DEBUG;
				SWIFT_OPTIMIZATION_LEVEL = "-Onone";
			};
			name = Debug;
		};
		1366569827709A7500A635FB /* Release */ = {
			isa = XCBuildConfiguration;
			buildSettings = {
				ALWAYS_SEARCH_USER_PATHS = NO;
				CLANG_ANALYZER_NONNULL = YES;
				CLANG_ANALYZER_NUMBER_OBJECT_CONVERSION = YES_AGGRESSIVE;
				CLANG_CXX_LANGUAGE_STANDARD = "gnu++17";
				CLANG_CXX_LIBRARY = "libc++";
				CLANG_ENABLE_MODULES = YES;
				CLANG_ENABLE_OBJC_ARC = YES;
				CLANG_ENABLE_OBJC_WEAK = YES;
				CLANG_WARN_BLOCK_CAPTURE_AUTORELEASING = YES;
				CLANG_WARN_BOOL_CONVERSION = YES;
				CLANG_WARN_COMMA = YES;
				CLANG_WARN_CONSTANT_CONVERSION = YES;
				CLANG_WARN_DEPRECATED_OBJC_IMPLEMENTATIONS = YES;
				CLANG_WARN_DIRECT_OBJC_ISA_USAGE = YES_ERROR;
				CLANG_WARN_DOCUMENTATION_COMMENTS = YES;
				CLANG_WARN_EMPTY_BODY = YES;
				CLANG_WARN_ENUM_CONVERSION = YES;
				CLANG_WARN_INFINITE_RECURSION = YES;
				CLANG_WARN_INT_CONVERSION = YES;
				CLANG_WARN_NON_LITERAL_NULL_CONVERSION = YES;
				CLANG_WARN_OBJC_IMPLICIT_RETAIN_SELF = YES;
				CLANG_WARN_OBJC_LITERAL_CONVERSION = YES;
				CLANG_WARN_OBJC_ROOT_CLASS = YES_ERROR;
				CLANG_WARN_QUOTED_INCLUDE_IN_FRAMEWORK_HEADER = YES;
				CLANG_WARN_RANGE_LOOP_ANALYSIS = YES;
				CLANG_WARN_STRICT_PROTOTYPES = YES;
				CLANG_WARN_SUSPICIOUS_MOVE = YES;
				CLANG_WARN_UNGUARDED_AVAILABILITY = YES_AGGRESSIVE;
				CLANG_WARN_UNREACHABLE_CODE = YES;
				CLANG_WARN__DUPLICATE_METHOD_MATCH = YES;
				COPY_PHASE_STRIP = NO;
				DEBUG_INFORMATION_FORMAT = "dwarf-with-dsym";
				ENABLE_NS_ASSERTIONS = NO;
				ENABLE_STRICT_OBJC_MSGSEND = YES;
				GCC_C_LANGUAGE_STANDARD = gnu11;
				GCC_NO_COMMON_BLOCKS = YES;
				GCC_WARN_64_TO_32_BIT_CONVERSION = YES;
				GCC_WARN_ABOUT_RETURN_TYPE = YES_ERROR;
				GCC_WARN_UNDECLARED_SELECTOR = YES;
				GCC_WARN_UNINITIALIZED_AUTOS = YES_AGGRESSIVE;
				GCC_WARN_UNUSED_FUNCTION = YES;
				GCC_WARN_UNUSED_VARIABLE = YES;
				IPHONEOS_DEPLOYMENT_TARGET = 15.0;
				MTL_ENABLE_DEBUG_INFO = NO;
				MTL_FAST_MATH = YES;
				SDKROOT = iphoneos;
				SWIFT_COMPILATION_MODE = wholemodule;
				SWIFT_OPTIMIZATION_LEVEL = "-O";
				VALIDATE_PRODUCT = YES;
			};
			name = Release;
		};
		1366569A27709A7500A635FB /* Debug */ = {
			isa = XCBuildConfiguration;
			buildSettings = {
				ASSETCATALOG_COMPILER_APPICON_NAME = AppIcon;
				ASSETCATALOG_COMPILER_GLOBAL_ACCENT_COLOR_NAME = AccentColor;
				CODE_SIGN_IDENTITY = "iPhone Developer";
				CODE_SIGN_STYLE = Manual;
				CURRENT_PROJECT_VERSION = 1;
				DEVELOPMENT_ASSET_PATHS = "\"SwiftUITextAnimation/Preview Content\"";
				DEVELOPMENT_TEAM = 5VM7ARKGV2;
				ENABLE_PREVIEWS = YES;
				GENERATE_INFOPLIST_FILE = YES;
				INFOPLIST_KEY_UIApplicationSceneManifest_Generation = YES;
				INFOPLIST_KEY_UIApplicationSupportsIndirectInputEvents = YES;
				INFOPLIST_KEY_UILaunchScreen_Generation = YES;
				INFOPLIST_KEY_UISupportedInterfaceOrientations_iPad = "UIInterfaceOrientationPortrait UIInterfaceOrientationPortraitUpsideDown UIInterfaceOrientationLandscapeLeft UIInterfaceOrientationLandscapeRight";
				INFOPLIST_KEY_UISupportedInterfaceOrientations_iPhone = "UIInterfaceOrientationPortrait UIInterfaceOrientationLandscapeLeft UIInterfaceOrientationLandscapeRight";
				LD_RUNPATH_SEARCH_PATHS = (
					"$(inherited)",
					"@executable_path/Frameworks",
				);
				MARKETING_VERSION = 1.0;
				PRODUCT_BUNDLE_IDENTIFIER = chitomo12.SwiftUITextAnimationApp;
				PRODUCT_NAME = SwiftUITextAnimation;
				PROVISIONING_PROFILE_SPECIFIER = TextAnimationProfile;
				SWIFT_EMIT_LOC_STRINGS = YES;
				SWIFT_VERSION = 5.0;
				TARGETED_DEVICE_FAMILY = "1,2";
			};
			name = Debug;
		};
		1366569B27709A7500A635FB /* Release */ = {
			isa = XCBuildConfiguration;
			buildSettings = {
				ASSETCATALOG_COMPILER_APPICON_NAME = AppIcon;
				ASSETCATALOG_COMPILER_GLOBAL_ACCENT_COLOR_NAME = AccentColor;
				CODE_SIGN_IDENTITY = "iPhone Developer";
				CODE_SIGN_STYLE = Manual;
				CURRENT_PROJECT_VERSION = 1;
				DEVELOPMENT_ASSET_PATHS = "\"SwiftUITextAnimation/Preview Content\"";
				DEVELOPMENT_TEAM = 5VM7ARKGV2;
				ENABLE_PREVIEWS = YES;
				GENERATE_INFOPLIST_FILE = YES;
				INFOPLIST_KEY_UIApplicationSceneManifest_Generation = YES;
				INFOPLIST_KEY_UIApplicationSupportsIndirectInputEvents = YES;
				INFOPLIST_KEY_UILaunchScreen_Generation = YES;
				INFOPLIST_KEY_UISupportedInterfaceOrientations_iPad = "UIInterfaceOrientationPortrait UIInterfaceOrientationPortraitUpsideDown UIInterfaceOrientationLandscapeLeft UIInterfaceOrientationLandscapeRight";
				INFOPLIST_KEY_UISupportedInterfaceOrientations_iPhone = "UIInterfaceOrientationPortrait UIInterfaceOrientationLandscapeLeft UIInterfaceOrientationLandscapeRight";
				LD_RUNPATH_SEARCH_PATHS = (
					"$(inherited)",
					"@executable_path/Frameworks",
				);
				MARKETING_VERSION = 1.0;
				PRODUCT_BUNDLE_IDENTIFIER = chitomo12.SwiftUITextAnimationApp;
				PRODUCT_NAME = SwiftUITextAnimation;
				PROVISIONING_PROFILE_SPECIFIER = TextAnimationProfile;
				SWIFT_EMIT_LOC_STRINGS = YES;
				SWIFT_VERSION = 5.0;
				TARGETED_DEVICE_FAMILY = "1,2";
			};
			name = Release;
		};
/* End XCBuildConfiguration section */

/* Begin XCConfigurationList section */
		1366568627709A7300A635FB /* Build configuration list for PBXProject "SwiftUITextAnimation" */ = {
			isa = XCConfigurationList;
			buildConfigurations = (
				1366569727709A7500A635FB /* Debug */,
				1366569827709A7500A635FB /* Release */,
			);
			defaultConfigurationIsVisible = 0;
			defaultConfigurationName = Release;
		};
		1366569927709A7500A635FB /* Build configuration list for PBXNativeTarget "SwiftUITextAnimation" */ = {
			isa = XCConfigurationList;
			buildConfigurations = (
				1366569A27709A7500A635FB /* Debug */,
				1366569B27709A7500A635FB /* Release */,
			);
			defaultConfigurationIsVisible = 0;
			defaultConfigurationName = Release;
		};
/* End XCConfigurationList section */
	};
	rootObject = 1366568327709A7300A635FB /* Project object */;
}
